
Microsoft Visual Studio Solution File, Format Version 12.00
Project("{2150E333-8FDC-42A3-9474-1A3956D46DE8}") = "common", "common", "{434A2518-A84F-44A7-AAEB-8593A21505F2}"
ProjectSection(SolutionItems) = preProject
	.gitignore = .gitignore
	Docker-compose.yml = Docker-compose.yml
	Dockerfile = Dockerfile
EndProjectSection
EndProject
Project("{2150E333-8FDC-42A3-9474-1A3956D46DE8}") = "src", "src", "{DE2BEE48-9C62-487A-AF90-0F9C372AF56C}"
EndProject
Project("{FAE04EC0-301F-11D3-BF4B-00C04F79EFBC}") = "OzonEdu.MerchandiseService", "src\OzonEdu.MerchandiseService\OzonEdu.MerchandiseService.csproj", "{4A6DC05A-9A10-4F57-A41C-C6EA40CA506F}"
EndProject
Global
	GlobalSection(SolutionConfigurationPlatforms) = preSolution
		Debug|Any CPU = Debug|Any CPU
		Release|Any CPU = Release|Any CPU
	EndGlobalSection
	GlobalSection(NestedProjects) = preSolution
		{4A6DC05A-9A10-4F57-A41C-C6EA40CA506F} = {DE2BEE48-9C62-487A-AF90-0F9C372AF56C}
	EndGlobalSection
	GlobalSection(ProjectConfigurationPlatforms) = postSolution
		{4A6DC05A-9A10-4F57-A41C-C6EA40CA506F}.Debug|Any CPU.ActiveCfg = Debug|Any CPU
		{4A6DC05A-9A10-4F57-A41C-C6EA40CA506F}.Debug|Any CPU.Build.0 = Debug|Any CPU
		{4A6DC05A-9A10-4F57-A41C-C6EA40CA506F}.Release|Any CPU.ActiveCfg = Release|Any CPU
		{4A6DC05A-9A10-4F57-A41C-C6EA40CA506F}.Release|Any CPU.Build.0 = Release|Any CPU
	EndGlobalSection
EndGlobal
