
Microsoft Visual Studio Solution File, Format Version 12.00
Project("{FAE04EC0-301F-11D3-BF4B-00C04F79EFBC}") = "Merchandise-service", "Merchandise-service\Merchandise-service.csproj", "{ABDCD963-34DC-4839-8B2C-6BF97107ECC8}"
EndProject
Global
	GlobalSection(SolutionConfigurationPlatforms) = preSolution
		Debug|Any CPU = Debug|Any CPU
		Release|Any CPU = Release|Any CPU
	EndGlobalSection
	GlobalSection(ProjectConfigurationPlatforms) = postSolution
		{ABDCD963-34DC-4839-8B2C-6BF97107ECC8}.Debug|Any CPU.ActiveCfg = Debug|Any CPU
		{ABDCD963-34DC-4839-8B2C-6BF97107ECC8}.Debug|Any CPU.Build.0 = Debug|Any CPU
		{ABDCD963-34DC-4839-8B2C-6BF97107ECC8}.Release|Any CPU.ActiveCfg = Release|Any CPU
		{ABDCD963-34DC-4839-8B2C-6BF97107ECC8}.Release|Any CPU.Build.0 = Release|Any CPU
	EndGlobalSection
EndGlobal
